
Microsoft Visual Studio Solution File, Format Version 12.00
# Visual Studio Version 16
VisualStudioVersion = 16.0.30717.126
MinimumVisualStudioVersion = 10.0.40219.1
Project("{FAE04EC0-301F-11D3-BF4B-00C04F79EFBC}") = "dotnet-xplat-action", "dotnet-xplat-action.csproj", "{529FD25C-048F-4A37-B348-4F523FA3863F}"
EndProject
Global
	GlobalSection(SolutionConfigurationPlatforms) = preSolution
		Debug|Any CPU = Debug|Any CPU
		Release|Any CPU = Release|Any CPU
	EndGlobalSection
	GlobalSection(ProjectConfigurationPlatforms) = postSolution
		{529FD25C-048F-4A37-B348-4F523FA3863F}.Debug|Any CPU.ActiveCfg = Debug|Any CPU
		{529FD25C-048F-4A37-B348-4F523FA3863F}.Debug|Any CPU.Build.0 = Debug|Any CPU
		{529FD25C-048F-4A37-B348-4F523FA3863F}.Release|Any CPU.ActiveCfg = Release|Any CPU
		{529FD25C-048F-4A37-B348-4F523FA3863F}.Release|Any CPU.Build.0 = Release|Any CPU
	EndGlobalSection
	GlobalSection(SolutionProperties) = preSolution
		HideSolutionNode = FALSE
	EndGlobalSection
	GlobalSection(ExtensibilityGlobals) = postSolution
		SolutionGuid = {ED4458AB-09BD-4D85-BF78-3B91EB317302}
	EndGlobalSection
EndGlobal
